
Microsoft Visual Studio Solution File, Format Version 12.00
# Visual Studio 15
VisualStudioVersion = 15.0.28010.2026
MinimumVisualStudioVersion = 10.0.40219.1
Project("{FAE04EC0-301F-11D3-BF4B-00C04F79EFBC}") = "IT1050-Midterm", "IT1050-Midterm\IT1050-Midterm.csproj", "{1BD05598-A0C9-485C-80B2-E7608D0DD4CB}"
EndProject
Global
	GlobalSection(SolutionConfigurationPlatforms) = preSolution
		Debug|Any CPU = Debug|Any CPU
		Release|Any CPU = Release|Any CPU
	EndGlobalSection
	GlobalSection(ProjectConfigurationPlatforms) = postSolution
		{1BD05598-A0C9-485C-80B2-E7608D0DD4CB}.Debug|Any CPU.ActiveCfg = Debug|Any CPU
		{1BD05598-A0C9-485C-80B2-E7608D0DD4CB}.Debug|Any CPU.Build.0 = Debug|Any CPU
		{1BD05598-A0C9-485C-80B2-E7608D0DD4CB}.Release|Any CPU.ActiveCfg = Release|Any CPU
		{1BD05598-A0C9-485C-80B2-E7608D0DD4CB}.Release|Any CPU.Build.0 = Release|Any CPU
	EndGlobalSection
	GlobalSection(SolutionProperties) = preSolution
		HideSolutionNode = FALSE
	EndGlobalSection
	GlobalSection(ExtensibilityGlobals) = postSolution
		SolutionGuid = {98A61028-AC01-4200-A1C5-DEBC54CA24DC}
	EndGlobalSection
EndGlobal
